
Microsoft Visual Studio Solution File, Format Version 12.00
# Visual Studio 15
VisualStudioVersion = 15.0.27004.2002
MinimumVisualStudioVersion = 10.0.40219.1
Project("{FAE04EC0-301F-11D3-BF4B-00C04F79EFBC}") = "Practica8.Android", "Practica8\Practica8.Android\Practica8.Android.csproj", "{5BBBA1D1-FB9F-456F-B538-43B07AD679A8}"
EndProject
Project("{FAE04EC0-301F-11D3-BF4B-00C04F79EFBC}") = "Practica8", "Practica8\Practica8\Practica8.csproj", "{D1F85826-4312-4C90-82BD-E94FF6FDBE4E}"
EndProject
Project("{FAE04EC0-301F-11D3-BF4B-00C04F79EFBC}") = "Practica8.UWP", "Practica8\Practica8.UWP\Practica8.UWP.csproj", "{C95293B6-6A9D-45E0-B14F-1FB81261223E}"
EndProject
Project("{FAE04EC0-301F-11D3-BF4B-00C04F79EFBC}") = "Practica8.iOS", "Practica8\Practica8.iOS\Practica8.iOS.csproj", "{C5F1C29F-BC30-4E9B-8F41-AB9A5B875C59}"
EndProject
Global
	GlobalSection(SolutionConfigurationPlatforms) = preSolution
		Ad-Hoc|Any CPU = Ad-Hoc|Any CPU
		Ad-Hoc|ARM = Ad-Hoc|ARM
		Ad-Hoc|iPhone = Ad-Hoc|iPhone
		Ad-Hoc|iPhoneSimulator = Ad-Hoc|iPhoneSimulator
		Ad-Hoc|x64 = Ad-Hoc|x64
		Ad-Hoc|x86 = Ad-Hoc|x86
		AppStore|Any CPU = AppStore|Any CPU
		AppStore|ARM = AppStore|ARM
		AppStore|iPhone = AppStore|iPhone
		AppStore|iPhoneSimulator = AppStore|iPhoneSimulator
		AppStore|x64 = AppStore|x64
		AppStore|x86 = AppStore|x86
		Debug|Any CPU = Debug|Any CPU
		Debug|ARM = Debug|ARM
		Debug|iPhone = Debug|iPhone
		Debug|iPhoneSimulator = Debug|iPhoneSimulator
		Debug|x64 = Debug|x64
		Debug|x86 = Debug|x86
		Release|Any CPU = Release|Any CPU
		Release|ARM = Release|ARM
		Release|iPhone = Release|iPhone
		Release|iPhoneSimulator = Release|iPhoneSimulator
		Release|x64 = Release|x64
		Release|x86 = Release|x86
	EndGlobalSection
	GlobalSection(ProjectConfigurationPlatforms) = postSolution
		{5BBBA1D1-FB9F-456F-B538-43B07AD679A8}.Ad-Hoc|Any CPU.ActiveCfg = Release|Any CPU
		{5BBBA1D1-FB9F-456F-B538-43B07AD679A8}.Ad-Hoc|Any CPU.Build.0 = Release|Any CPU
		{5BBBA1D1-FB9F-456F-B538-43B07AD679A8}.Ad-Hoc|Any CPU.Deploy.0 = Release|Any CPU
		{5BBBA1D1-FB9F-456F-B538-43B07AD679A8}.Ad-Hoc|ARM.ActiveCfg = Release|Any CPU
		{5BBBA1D1-FB9F-456F-B538-43B07AD679A8}.Ad-Hoc|ARM.Build.0 = Release|Any CPU
		{5BBBA1D1-FB9F-456F-B538-43B07AD679A8}.Ad-Hoc|ARM.Deploy.0 = Release|Any CPU
		{5BBBA1D1-FB9F-456F-B538-43B07AD679A8}.Ad-Hoc|iPhone.ActiveCfg = Release|Any CPU
		{5BBBA1D1-FB9F-456F-B538-43B07AD679A8}.Ad-Hoc|iPhone.Build.0 = Release|Any CPU
		{5BBBA1D1-FB9F-456F-B538-43B07AD679A8}.Ad-Hoc|iPhone.Deploy.0 = Release|Any CPU
		{5BBBA1D1-FB9F-456F-B538-43B07AD679A8}.Ad-Hoc|iPhoneSimulator.ActiveCfg = Release|Any CPU
		{5BBBA1D1-FB9F-456F-B538-43B07AD679A8}.Ad-Hoc|iPhoneSimulator.Build.0 = Release|Any CPU
		{5BBBA1D1-FB9F-456F-B538-43B07AD679A8}.Ad-Hoc|iPhoneSimulator.Deploy.0 = Release|Any CPU
		{5BBBA1D1-FB9F-456F-B538-43B07AD679A8}.Ad-Hoc|x64.ActiveCfg = Release|Any CPU
		{5BBBA1D1-FB9F-456F-B538-43B07AD679A8}.Ad-Hoc|x64.Build.0 = Release|Any CPU
		{5BBBA1D1-FB9F-456F-B538-43B07AD679A8}.Ad-Hoc|x64.Deploy.0 = Release|Any CPU
		{5BBBA1D1-FB9F-456F-B538-43B07AD679A8}.Ad-Hoc|x86.ActiveCfg = Release|Any CPU
		{5BBBA1D1-FB9F-456F-B538-43B07AD679A8}.Ad-Hoc|x86.Build.0 = Release|Any CPU
		{5BBBA1D1-FB9F-456F-B538-43B07AD679A8}.Ad-Hoc|x86.Deploy.0 = Release|Any CPU
		{5BBBA1D1-FB9F-456F-B538-43B07AD679A8}.AppStore|Any CPU.ActiveCfg = Release|Any CPU
		{5BBBA1D1-FB9F-456F-B538-43B07AD679A8}.AppStore|Any CPU.Build.0 = Release|Any CPU
		{5BBBA1D1-FB9F-456F-B538-43B07AD679A8}.AppStore|Any CPU.Deploy.0 = Release|Any CPU
		{5BBBA1D1-FB9F-456F-B538-43B07AD679A8}.AppStore|ARM.ActiveCfg = Release|Any CPU
		{5BBBA1D1-FB9F-456F-B538-43B07AD679A8}.AppStore|ARM.Build.0 = Release|Any CPU
		{5BBBA1D1-FB9F-456F-B538-43B07AD679A8}.AppStore|ARM.Deploy.0 = Release|Any CPU
		{5BBBA1D1-FB9F-456F-B538-43B07AD679A8}.AppStore|iPhone.ActiveCfg = Release|Any CPU
		{5BBBA1D1-FB9F-456F-B538-43B07AD679A8}.AppStore|iPhone.Build.0 = Release|Any CPU
		{5BBBA1D1-FB9F-456F-B538-43B07AD679A8}.AppStore|iPhone.Deploy.0 = Release|Any CPU
		{5BBBA1D1-FB9F-456F-B538-43B07AD679A8}.AppStore|iPhoneSimulator.ActiveCfg = Release|Any CPU
		{5BBBA1D1-FB9F-456F-B538-43B07AD679A8}.AppStore|iPhoneSimulator.Build.0 = Release|Any CPU
		{5BBBA1D1-FB9F-456F-B538-43B07AD679A8}.AppStore|iPhoneSimulator.Deploy.0 = Release|Any CPU
		{5BBBA1D1-FB9F-456F-B538-43B07AD679A8}.AppStore|x64.ActiveCfg = Release|Any CPU
		{5BBBA1D1-FB9F-456F-B538-43B07AD679A8}.AppStore|x64.Build.0 = Release|Any CPU
		{5BBBA1D1-FB9F-456F-B538-43B07AD679A8}.AppStore|x64.Deploy.0 = Release|Any CPU
		{5BBBA1D1-FB9F-456F-B538-43B07AD679A8}.AppStore|x86.ActiveCfg = Release|Any CPU
		{5BBBA1D1-FB9F-456F-B538-43B07AD679A8}.AppStore|x86.Build.0 = Release|Any CPU
		{5BBBA1D1-FB9F-456F-B538-43B07AD679A8}.AppStore|x86.Deploy.0 = Release|Any CPU
		{5BBBA1D1-FB9F-456F-B538-43B07AD679A8}.Debug|Any CPU.ActiveCfg = Debug|Any CPU
		{5BBBA1D1-FB9F-456F-B538-43B07AD679A8}.Debug|Any CPU.Build.0 = Debug|Any CPU
		{5BBBA1D1-FB9F-456F-B538-43B07AD679A8}.Debug|Any CPU.Deploy.0 = Debug|Any CPU
		{5BBBA1D1-FB9F-456F-B538-43B07AD679A8}.Debug|ARM.ActiveCfg = Debug|Any CPU
		{5BBBA1D1-FB9F-456F-B538-43B07AD679A8}.Debug|ARM.Build.0 = Debug|Any CPU
		{5BBBA1D1-FB9F-456F-B538-43B07AD679A8}.Debug|ARM.Deploy.0 = Debug|Any CPU
		{5BBBA1D1-FB9F-456F-B538-43B07AD679A8}.Debug|iPhone.ActiveCfg = Debug|Any CPU
		{5BBBA1D1-FB9F-456F-B538-43B07AD679A8}.Debug|iPhone.Build.0 = Debug|Any CPU
		{5BBBA1D1-FB9F-456F-B538-43B07AD679A8}.Debug|iPhone.Deploy.0 = Debug|Any CPU
		{5BBBA1D1-FB9F-456F-B538-43B07AD679A8}.Debug|iPhoneSimulator.ActiveCfg = Debug|Any CPU
		{5BBBA1D1-FB9F-456F-B538-43B07AD679A8}.Debug|iPhoneSimulator.Build.0 = Debug|Any CPU
		{5BBBA1D1-FB9F-456F-B538-43B07AD679A8}.Debug|iPhoneSimulator.Deploy.0 = Debug|Any CPU
		{5BBBA1D1-FB9F-456F-B538-43B07AD679A8}.Debug|x64.ActiveCfg = Debug|Any CPU
		{5BBBA1D1-FB9F-456F-B538-43B07AD679A8}.Debug|x64.Build.0 = Debug|Any CPU
		{5BBBA1D1-FB9F-456F-B538-43B07AD679A8}.Debug|x64.Deploy.0 = Debug|Any CPU
		{5BBBA1D1-FB9F-456F-B538-43B07AD679A8}.Debug|x86.ActiveCfg = Debug|Any CPU
		{5BBBA1D1-FB9F-456F-B538-43B07AD679A8}.Debug|x86.Build.0 = Debug|Any CPU
		{5BBBA1D1-FB9F-456F-B538-43B07AD679A8}.Debug|x86.Deploy.0 = Debug|Any CPU
		{5BBBA1D1-FB9F-456F-B538-43B07AD679A8}.Release|Any CPU.ActiveCfg = Release|Any CPU
		{5BBBA1D1-FB9F-456F-B538-43B07AD679A8}.Release|Any CPU.Build.0 = Release|Any CPU
		{5BBBA1D1-FB9F-456F-B538-43B07AD679A8}.Release|Any CPU.Deploy.0 = Release|Any CPU
		{5BBBA1D1-FB9F-456F-B538-43B07AD679A8}.Release|ARM.ActiveCfg = Release|Any CPU
		{5BBBA1D1-FB9F-456F-B538-43B07AD679A8}.Release|ARM.Build.0 = Release|Any CPU
		{5BBBA1D1-FB9F-456F-B538-43B07AD679A8}.Release|ARM.Deploy.0 = Release|Any CPU
		{5BBBA1D1-FB9F-456F-B538-43B07AD679A8}.Release|iPhone.ActiveCfg = Release|Any CPU
		{5BBBA1D1-FB9F-456F-B538-43B07AD679A8}.Release|iPhone.Build.0 = Release|Any CPU
		{5BBBA1D1-FB9F-456F-B538-43B07AD679A8}.Release|iPhone.Deploy.0 = Release|Any CPU
		{5BBBA1D1-FB9F-456F-B538-43B07AD679A8}.Release|iPhoneSimulator.ActiveCfg = Release|Any CPU
		{5BBBA1D1-FB9F-456F-B538-43B07AD679A8}.Release|iPhoneSimulator.Build.0 = Release|Any CPU
		{5BBBA1D1-FB9F-456F-B538-43B07AD679A8}.Release|iPhoneSimulator.Deploy.0 = Release|Any CPU
		{5BBBA1D1-FB9F-456F-B538-43B07AD679A8}.Release|x64.ActiveCfg = Release|Any CPU
		{5BBBA1D1-FB9F-456F-B538-43B07AD679A8}.Release|x64.Build.0 = Release|Any CPU
		{5BBBA1D1-FB9F-456F-B538-43B07AD679A8}.Release|x64.Deploy.0 = Release|Any CPU
		{5BBBA1D1-FB9F-456F-B538-43B07AD679A8}.Release|x86.ActiveCfg = Release|Any CPU
		{5BBBA1D1-FB9F-456F-B538-43B07AD679A8}.Release|x86.Build.0 = Release|Any CPU
		{5BBBA1D1-FB9F-456F-B538-43B07AD679A8}.Release|x86.Deploy.0 = Release|Any CPU
		{D1F85826-4312-4C90-82BD-E94FF6FDBE4E}.Ad-Hoc|Any CPU.ActiveCfg = Release|Any CPU
		{D1F85826-4312-4C90-82BD-E94FF6FDBE4E}.Ad-Hoc|Any CPU.Build.0 = Release|Any CPU
		{D1F85826-4312-4C90-82BD-E94FF6FDBE4E}.Ad-Hoc|ARM.ActiveCfg = Release|Any CPU
		{D1F85826-4312-4C90-82BD-E94FF6FDBE4E}.Ad-Hoc|ARM.Build.0 = Release|Any CPU
		{D1F85826-4312-4C90-82BD-E94FF6FDBE4E}.Ad-Hoc|iPhone.ActiveCfg = Release|Any CPU
		{D1F85826-4312-4C90-82BD-E94FF6FDBE4E}.Ad-Hoc|iPhone.Build.0 = Release|Any CPU
		{D1F85826-4312-4C90-82BD-E94FF6FDBE4E}.Ad-Hoc|iPhoneSimulator.ActiveCfg = Release|Any CPU
		{D1F85826-4312-4C90-82BD-E94FF6FDBE4E}.Ad-Hoc|iPhoneSimulator.Build.0 = Release|Any CPU
		{D1F85826-4312-4C90-82BD-E94FF6FDBE4E}.Ad-Hoc|x64.ActiveCfg = Release|Any CPU
		{D1F85826-4312-4C90-82BD-E94FF6FDBE4E}.Ad-Hoc|x64.Build.0 = Release|Any CPU
		{D1F85826-4312-4C90-82BD-E94FF6FDBE4E}.Ad-Hoc|x86.ActiveCfg = Release|Any CPU
		{D1F85826-4312-4C90-82BD-E94FF6FDBE4E}.Ad-Hoc|x86.Build.0 = Release|Any CPU
		{D1F85826-4312-4C90-82BD-E94FF6FDBE4E}.AppStore|Any CPU.ActiveCfg = Release|Any CPU
		{D1F85826-4312-4C90-82BD-E94FF6FDBE4E}.AppStore|Any CPU.Build.0 = Release|Any CPU
		{D1F85826-4312-4C90-82BD-E94FF6FDBE4E}.AppStore|ARM.ActiveCfg = Release|Any CPU
		{D1F85826-4312-4C90-82BD-E94FF6FDBE4E}.AppStore|ARM.Build.0 = Release|Any CPU
		{D1F85826-4312-4C90-82BD-E94FF6FDBE4E}.AppStore|iPhone.ActiveCfg = Release|Any CPU
		{D1F85826-4312-4C90-82BD-E94FF6FDBE4E}.AppStore|iPhone.Build.0 = Release|Any CPU
		{D1F85826-4312-4C90-82BD-E94FF6FDBE4E}.AppStore|iPhoneSimulator.ActiveCfg = Release|Any CPU
		{D1F85826-4312-4C90-82BD-E94FF6FDBE4E}.AppStore|iPhoneSimulator.Build.0 = Release|Any CPU
		{D1F85826-4312-4C90-82BD-E94FF6FDBE4E}.AppStore|x64.ActiveCfg = Release|Any CPU
		{D1F85826-4312-4C90-82BD-E94FF6FDBE4E}.AppStore|x64.Build.0 = Release|Any CPU
		{D1F85826-4312-4C90-82BD-E94FF6FDBE4E}.AppStore|x86.ActiveCfg = Release|Any CPU
		{D1F85826-4312-4C90-82BD-E94FF6FDBE4E}.AppStore|x86.Build.0 = Release|Any CPU
		{D1F85826-4312-4C90-82BD-E94FF6FDBE4E}.Debug|Any CPU.ActiveCfg = Debug|Any CPU
		{D1F85826-4312-4C90-82BD-E94FF6FDBE4E}.Debug|Any CPU.Build.0 = Debug|Any CPU
		{D1F85826-4312-4C90-82BD-E94FF6FDBE4E}.Debug|ARM.ActiveCfg = Debug|Any CPU
		{D1F85826-4312-4C90-82BD-E94FF6FDBE4E}.Debug|ARM.Build.0 = Debug|Any CPU
		{D1F85826-4312-4C90-82BD-E94FF6FDBE4E}.Debug|iPhone.ActiveCfg = Debug|Any CPU
		{D1F85826-4312-4C90-82BD-E94FF6FDBE4E}.Debug|iPhone.Build.0 = Debug|Any CPU
		{D1F85826-4312-4C90-82BD-E94FF6FDBE4E}.Debug|iPhoneSimulator.ActiveCfg = Debug|Any CPU
		{D1F85826-4312-4C90-82BD-E94FF6FDBE4E}.Debug|iPhoneSimulator.Build.0 = Debug|Any CPU
		{D1F85826-4312-4C90-82BD-E94FF6FDBE4E}.Debug|x64.ActiveCfg = Debug|Any CPU
		{D1F85826-4312-4C90-82BD-E94FF6FDBE4E}.Debug|x64.Build.0 = Debug|Any CPU
		{D1F85826-4312-4C90-82BD-E94FF6FDBE4E}.Debug|x86.ActiveCfg = Debug|Any CPU
		{D1F85826-4312-4C90-82BD-E94FF6FDBE4E}.Debug|x86.Build.0 = Debug|Any CPU
		{D1F85826-4312-4C90-82BD-E94FF6FDBE4E}.Release|Any CPU.ActiveCfg = Release|Any CPU
		{D1F85826-4312-4C90-82BD-E94FF6FDBE4E}.Release|Any CPU.Build.0 = Release|Any CPU
		{D1F85826-4312-4C90-82BD-E94FF6FDBE4E}.Release|ARM.ActiveCfg = Release|Any CPU
		{D1F85826-4312-4C90-82BD-E94FF6FDBE4E}.Release|ARM.Build.0 = Release|Any CPU
		{D1F85826-4312-4C90-82BD-E94FF6FDBE4E}.Release|iPhone.ActiveCfg = Release|Any CPU
		{D1F85826-4312-4C90-82BD-E94FF6FDBE4E}.Release|iPhone.Build.0 = Release|Any CPU
		{D1F85826-4312-4C90-82BD-E94FF6FDBE4E}.Release|iPhoneSimulator.ActiveCfg = Release|Any CPU
		{D1F85826-4312-4C90-82BD-E94FF6FDBE4E}.Release|iPhoneSimulator.Build.0 = Release|Any CPU
		{D1F85826-4312-4C90-82BD-E94FF6FDBE4E}.Release|x64.ActiveCfg = Release|Any CPU
		{D1F85826-4312-4C90-82BD-E94FF6FDBE4E}.Release|x64.Build.0 = Release|Any CPU
		{D1F85826-4312-4C90-82BD-E94FF6FDBE4E}.Release|x86.ActiveCfg = Release|Any CPU
		{D1F85826-4312-4C90-82BD-E94FF6FDBE4E}.Release|x86.Build.0 = Release|Any CPU
		{C95293B6-6A9D-45E0-B14F-1FB81261223E}.Ad-Hoc|Any CPU.ActiveCfg = Release|x86
		{C95293B6-6A9D-45E0-B14F-1FB81261223E}.Ad-Hoc|Any CPU.Build.0 = Release|x86
		{C95293B6-6A9D-45E0-B14F-1FB81261223E}.Ad-Hoc|Any CPU.Deploy.0 = Release|x86
		{C95293B6-6A9D-45E0-B14F-1FB81261223E}.Ad-Hoc|ARM.ActiveCfg = Release|ARM
		{C95293B6-6A9D-45E0-B14F-1FB81261223E}.Ad-Hoc|ARM.Build.0 = Release|ARM
		{C95293B6-6A9D-45E0-B14F-1FB81261223E}.Ad-Hoc|ARM.Deploy.0 = Release|ARM
		{C95293B6-6A9D-45E0-B14F-1FB81261223E}.Ad-Hoc|iPhone.ActiveCfg = Release|x86
		{C95293B6-6A9D-45E0-B14F-1FB81261223E}.Ad-Hoc|iPhone.Build.0 = Release|x86
		{C95293B6-6A9D-45E0-B14F-1FB81261223E}.Ad-Hoc|iPhone.Deploy.0 = Release|x86
		{C95293B6-6A9D-45E0-B14F-1FB81261223E}.Ad-Hoc|iPhoneSimulator.ActiveCfg = Release|x86
		{C95293B6-6A9D-45E0-B14F-1FB81261223E}.Ad-Hoc|iPhoneSimulator.Build.0 = Release|x86
		{C95293B6-6A9D-45E0-B14F-1FB81261223E}.Ad-Hoc|iPhoneSimulator.Deploy.0 = Release|x86
		{C95293B6-6A9D-45E0-B14F-1FB81261223E}.Ad-Hoc|x64.ActiveCfg = Release|x64
		{C95293B6-6A9D-45E0-B14F-1FB81261223E}.Ad-Hoc|x64.Build.0 = Release|x64
		{C95293B6-6A9D-45E0-B14F-1FB81261223E}.Ad-Hoc|x64.Deploy.0 = Release|x64
		{C95293B6-6A9D-45E0-B14F-1FB81261223E}.Ad-Hoc|x86.ActiveCfg = Release|x86
		{C95293B6-6A9D-45E0-B14F-1FB81261223E}.Ad-Hoc|x86.Build.0 = Release|x86
		{C95293B6-6A9D-45E0-B14F-1FB81261223E}.Ad-Hoc|x86.Deploy.0 = Release|x86
		{C95293B6-6A9D-45E0-B14F-1FB81261223E}.AppStore|Any CPU.ActiveCfg = Release|x86
		{C95293B6-6A9D-45E0-B14F-1FB81261223E}.AppStore|Any CPU.Build.0 = Release|x86
		{C95293B6-6A9D-45E0-B14F-1FB81261223E}.AppStore|Any CPU.Deploy.0 = Release|x86
		{C95293B6-6A9D-45E0-B14F-1FB81261223E}.AppStore|ARM.ActiveCfg = Release|ARM
		{C95293B6-6A9D-45E0-B14F-1FB81261223E}.AppStore|ARM.Build.0 = Release|ARM
		{C95293B6-6A9D-45E0-B14F-1FB81261223E}.AppStore|ARM.Deploy.0 = Release|ARM
		{C95293B6-6A9D-45E0-B14F-1FB81261223E}.AppStore|iPhone.ActiveCfg = Release|x86
		{C95293B6-6A9D-45E0-B14F-1FB81261223E}.AppStore|iPhone.Build.0 = Release|x86
		{C95293B6-6A9D-45E0-B14F-1FB81261223E}.AppStore|iPhone.Deploy.0 = Release|x86
		{C95293B6-6A9D-45E0-B14F-1FB81261223E}.AppStore|iPhoneSimulator.ActiveCfg = Release|x86
		{C95293B6-6A9D-45E0-B14F-1FB81261223E}.AppStore|iPhoneSimulator.Build.0 = Release|x86
		{C95293B6-6A9D-45E0-B14F-1FB81261223E}.AppStore|iPhoneSimulator.Deploy.0 = Release|x86
		{C95293B6-6A9D-45E0-B14F-1FB81261223E}.AppStore|x64.ActiveCfg = Release|x64
		{C95293B6-6A9D-45E0-B14F-1FB81261223E}.AppStore|x64.Build.0 = Release|x64
		{C95293B6-6A9D-45E0-B14F-1FB81261223E}.AppStore|x64.Deploy.0 = Release|x64
		{C95293B6-6A9D-45E0-B14F-1FB81261223E}.AppStore|x86.ActiveCfg = Release|x86
		{C95293B6-6A9D-45E0-B14F-1FB81261223E}.AppStore|x86.Build.0 = Release|x86
		{C95293B6-6A9D-45E0-B14F-1FB81261223E}.AppStore|x86.Deploy.0 = Release|x86
		{C95293B6-6A9D-45E0-B14F-1FB81261223E}.Debug|Any CPU.ActiveCfg = Debug|x86
		{C95293B6-6A9D-45E0-B14F-1FB81261223E}.Debug|ARM.ActiveCfg = Debug|ARM
		{C95293B6-6A9D-45E0-B14F-1FB81261223E}.Debug|ARM.Build.0 = Debug|ARM
		{C95293B6-6A9D-45E0-B14F-1FB81261223E}.Debug|ARM.Deploy.0 = Debug|ARM
		{C95293B6-6A9D-45E0-B14F-1FB81261223E}.Debug|iPhone.ActiveCfg = Debug|x86
		{C95293B6-6A9D-45E0-B14F-1FB81261223E}.Debug|iPhoneSimulator.ActiveCfg = Debug|x86
		{C95293B6-6A9D-45E0-B14F-1FB81261223E}.Debug|x64.ActiveCfg = Debug|x64
		{C95293B6-6A9D-45E0-B14F-1FB81261223E}.Debug|x64.Build.0 = Debug|x64
		{C95293B6-6A9D-45E0-B14F-1FB81261223E}.Debug|x64.Deploy.0 = Debug|x64
		{C95293B6-6A9D-45E0-B14F-1FB81261223E}.Debug|x86.ActiveCfg = Debug|x86
		{C95293B6-6A9D-45E0-B14F-1FB81261223E}.Debug|x86.Build.0 = Debug|x86
		{C95293B6-6A9D-45E0-B14F-1FB81261223E}.Debug|x86.Deploy.0 = Debug|x86
		{C95293B6-6A9D-45E0-B14F-1FB81261223E}.Release|Any CPU.ActiveCfg = Release|x86
		{C95293B6-6A9D-45E0-B14F-1FB81261223E}.Release|ARM.ActiveCfg = Release|ARM
		{C95293B6-6A9D-45E0-B14F-1FB81261223E}.Release|ARM.Build.0 = Release|ARM
		{C95293B6-6A9D-45E0-B14F-1FB81261223E}.Release|ARM.Deploy.0 = Release|ARM
		{C95293B6-6A9D-45E0-B14F-1FB81261223E}.Release|iPhone.ActiveCfg = Release|x86
		{C95293B6-6A9D-45E0-B14F-1FB81261223E}.Release|iPhoneSimulator.ActiveCfg = Release|x86
		{C95293B6-6A9D-45E0-B14F-1FB81261223E}.Release|x64.ActiveCfg = Release|x64
		{C95293B6-6A9D-45E0-B14F-1FB81261223E}.Release|x64.Build.0 = Release|x64
		{C95293B6-6A9D-45E0-B14F-1FB81261223E}.Release|x64.Deploy.0 = Release|x64
		{C95293B6-6A9D-45E0-B14F-1FB81261223E}.Release|x86.ActiveCfg = Release|x86
		{C95293B6-6A9D-45E0-B14F-1FB81261223E}.Release|x86.Build.0 = Release|x86
		{C95293B6-6A9D-45E0-B14F-1FB81261223E}.Release|x86.Deploy.0 = Release|x86
		{C5F1C29F-BC30-4E9B-8F41-AB9A5B875C59}.Ad-Hoc|Any CPU.ActiveCfg = Ad-Hoc|iPhoneSimulator
		{C5F1C29F-BC30-4E9B-8F41-AB9A5B875C59}.Ad-Hoc|ARM.ActiveCfg = Ad-Hoc|iPhone
		{C5F1C29F-BC30-4E9B-8F41-AB9A5B875C59}.Ad-Hoc|iPhone.ActiveCfg = Ad-Hoc|iPhone
		{C5F1C29F-BC30-4E9B-8F41-AB9A5B875C59}.Ad-Hoc|iPhone.Build.0 = Ad-Hoc|iPhone
		{C5F1C29F-BC30-4E9B-8F41-AB9A5B875C59}.Ad-Hoc|iPhoneSimulator.ActiveCfg = Ad-Hoc|iPhoneSimulator
		{C5F1C29F-BC30-4E9B-8F41-AB9A5B875C59}.Ad-Hoc|iPhoneSimulator.Build.0 = Ad-Hoc|iPhoneSimulator
		{C5F1C29F-BC30-4E9B-8F41-AB9A5B875C59}.Ad-Hoc|x64.ActiveCfg = Ad-Hoc|iPhone
		{C5F1C29F-BC30-4E9B-8F41-AB9A5B875C59}.Ad-Hoc|x86.ActiveCfg = Ad-Hoc|iPhone
		{C5F1C29F-BC30-4E9B-8F41-AB9A5B875C59}.AppStore|Any CPU.ActiveCfg = AppStore|iPhoneSimulator
		{C5F1C29F-BC30-4E9B-8F41-AB9A5B875C59}.AppStore|ARM.ActiveCfg = AppStore|iPhone
		{C5F1C29F-BC30-4E9B-8F41-AB9A5B875C59}.AppStore|iPhone.ActiveCfg = AppStore|iPhone
		{C5F1C29F-BC30-4E9B-8F41-AB9A5B875C59}.AppStore|iPhone.Build.0 = AppStore|iPhone
		{C5F1C29F-BC30-4E9B-8F41-AB9A5B875C59}.AppStore|iPhoneSimulator.ActiveCfg = AppStore|iPhoneSimulator
		{C5F1C29F-BC30-4E9B-8F41-AB9A5B875C59}.AppStore|iPhoneSimulator.Build.0 = AppStore|iPhoneSimulator
		{C5F1C29F-BC30-4E9B-8F41-AB9A5B875C59}.AppStore|x64.ActiveCfg = AppStore|iPhone
		{C5F1C29F-BC30-4E9B-8F41-AB9A5B875C59}.AppStore|x86.ActiveCfg = AppStore|iPhone
		{C5F1C29F-BC30-4E9B-8F41-AB9A5B875C59}.Debug|Any CPU.ActiveCfg = Debug|iPhoneSimulator
		{C5F1C29F-BC30-4E9B-8F41-AB9A5B875C59}.Debug|ARM.ActiveCfg = Debug|iPhone
		{C5F1C29F-BC30-4E9B-8F41-AB9A5B875C59}.Debug|iPhone.ActiveCfg = Debug|iPhone
		{C5F1C29F-BC30-4E9B-8F41-AB9A5B875C59}.Debug|iPhone.Build.0 = Debug|iPhone
		{C5F1C29F-BC30-4E9B-8F41-AB9A5B875C59}.Debug|iPhoneSimulator.ActiveCfg = Debug|iPhoneSimulator
		{C5F1C29F-BC30-4E9B-8F41-AB9A5B875C59}.Debug|iPhoneSimulator.Build.0 = Debug|iPhoneSimulator
		{C5F1C29F-BC30-4E9B-8F41-AB9A5B875C59}.Debug|x64.ActiveCfg = Debug|iPhone
		{C5F1C29F-BC30-4E9B-8F41-AB9A5B875C59}.Debug|x86.ActiveCfg = Debug|iPhone
		{C5F1C29F-BC30-4E9B-8F41-AB9A5B875C59}.Release|Any CPU.ActiveCfg = Release|iPhoneSimulator
		{C5F1C29F-BC30-4E9B-8F41-AB9A5B875C59}.Release|ARM.ActiveCfg = Release|iPhone
		{C5F1C29F-BC30-4E9B-8F41-AB9A5B875C59}.Release|iPhone.ActiveCfg = Release|iPhone
		{C5F1C29F-BC30-4E9B-8F41-AB9A5B875C59}.Release|iPhone.Build.0 = Release|iPhone
		{C5F1C29F-BC30-4E9B-8F41-AB9A5B875C59}.Release|iPhoneSimulator.ActiveCfg = Release|iPhoneSimulator
		{C5F1C29F-BC30-4E9B-8F41-AB9A5B875C59}.Release|iPhoneSimulator.Build.0 = Release|iPhoneSimulator
		{C5F1C29F-BC30-4E9B-8F41-AB9A5B875C59}.Release|x64.ActiveCfg = Release|iPhone
		{C5F1C29F-BC30-4E9B-8F41-AB9A5B875C59}.Release|x86.ActiveCfg = Release|iPhone
	EndGlobalSection
	GlobalSection(SolutionProperties) = preSolution
		HideSolutionNode = FALSE
	EndGlobalSection
	GlobalSection(ExtensibilityGlobals) = postSolution
		SolutionGuid = {2E6781C5-F112-4A8E-A633-CE002507BFA9}
	EndGlobalSection
EndGlobal
